// !$*UTF8*$!
{
	archiveVersion = 1;
	classes = {
	};
	objectVersion = 46;
	objects = {

/* Begin PBXBuildFile section */
		F5CE76A01C1E2DFE005D8F7F /* main.cpp in Sources */ = {isa = PBXBuildFile; fileRef = F5CE769F1C1E2DFE005D8F7F /* main.cpp */; };
		F5CE76AC1C1E739A005D8F7F /* ListSelectionSort.cpp in Sources */ = {isa = PBXBuildFile; fileRef = F5CE76AA1C1E739A005D8F7F /* ListSelectionSort.cpp */; };
		F5FE8D1B1C1F9855005C2728 /* List.cpp in Sources */ = {isa = PBXBuildFile; fileRef = F5FE8D191C1F9855005C2728 /* List.cpp */; };
		F5FE8D211C1FC241005C2728 /* ListNumbers.cpp in Sources */ = {isa = PBXBuildFile; fileRef = F5FE8D1F1C1FC241005C2728 /* ListNumbers.cpp */; };
/* End PBXBuildFile section */

/* Begin PBXCopyFilesBuildPhase section */
		F5CE769A1C1E2DFE005D8F7F /* CopyFiles */ = {
			isa = PBXCopyFilesBuildPhase;
			buildActionMask = 2147483647;
			dstPath = /usr/share/man/man1/;
			dstSubfolderSpec = 0;
			files = (
			);
			runOnlyForDeploymentPostprocessing = 1;
		};
/* End PBXCopyFilesBuildPhase section */

/* Begin PBXFileReference section */
		F5CE769C1C1E2DFE005D8F7F /* List */ = {isa = PBXFileReference; explicitFileType = "compiled.mach-o.executable"; includeInIndex = 0; path = List; sourceTree = BUILT_PRODUCTS_DIR; };
		F5CE769F1C1E2DFE005D8F7F /* main.cpp */ = {isa = PBXFileReference; lastKnownFileType = sourcecode.cpp.cpp; path = main.cpp; sourceTree = "<group>"; };
		F5CE76AA1C1E739A005D8F7F /* ListSelectionSort.cpp */ = {isa = PBXFileReference; fileEncoding = 4; lastKnownFileType = sourcecode.cpp.cpp; path = ListSelectionSort.cpp; sourceTree = SOURCE_ROOT; };
		F5CE76AB1C1E739A005D8F7F /* ListSelectionSort.hpp */ = {isa = PBXFileReference; fileEncoding = 4; lastKnownFileType = sourcecode.cpp.h; path = ListSelectionSort.hpp; sourceTree = SOURCE_ROOT; };
		F5FE8D191C1F9855005C2728 /* List.cpp */ = {isa = PBXFileReference; fileEncoding = 4; lastKnownFileType = sourcecode.cpp.cpp; path = List.cpp; sourceTree = "<group>"; };
		F5FE8D1A1C1F9855005C2728 /* List.hpp */ = {isa = PBXFileReference; fileEncoding = 4; lastKnownFileType = sourcecode.cpp.h; path = List.hpp; sourceTree = "<group>"; };
		F5FE8D1F1C1FC241005C2728 /* ListNumbers.cpp */ = {isa = PBXFileReference; fileEncoding = 4; lastKnownFileType = sourcecode.cpp.cpp; path = ListNumbers.cpp; sourceTree = "<group>"; };
		F5FE8D201C1FC241005C2728 /* ListNumbers.hpp */ = {isa = PBXFileReference; fileEncoding = 4; lastKnownFileType = sourcecode.cpp.h; path = ListNumbers.hpp; sourceTree = "<group>"; };
/* End PBXFileReference section */

/* Begin PBXFrameworksBuildPhase section */
		F5CE76991C1E2DFE005D8F7F /* Frameworks */ = {
			isa = PBXFrameworksBuildPhase;
			buildActionMask = 2147483647;
			files = (
			);
			runOnlyForDeploymentPostprocessing = 0;
		};
/* End PBXFrameworksBuildPhase section */

/* Begin PBXGroup section */
		F5CE76931C1E2DFE005D8F7F = {
			isa = PBXGroup;
			children = (
				F5CE769E1C1E2DFE005D8F7F /* List */,
				F5CE769D1C1E2DFE005D8F7F /* Products */,
			);
			sourceTree = "<group>";
		};
		F5CE769D1C1E2DFE005D8F7F /* Products */ = {
			isa = PBXGroup;
			children = (
				F5CE769C1C1E2DFE005D8F7F /* List */,
			);
			name = Products;
			sourceTree = "<group>";
		};
		F5CE769E1C1E2DFE005D8F7F /* List */ = {
			isa = PBXGroup;
			children = (
				F5CE769F1C1E2DFE005D8F7F /* main.cpp */,
				F5FE8D1F1C1FC241005C2728 /* ListNumbers.cpp */,
				F5FE8D201C1FC241005C2728 /* ListNumbers.hpp */,
				F5FE8D191C1F9855005C2728 /* List.cpp */,
				F5FE8D1A1C1F9855005C2728 /* List.hpp */,
				F5CE76AA1C1E739A005D8F7F /* ListSelectionSort.cpp */,
				F5CE76AB1C1E739A005D8F7F /* ListSelectionSort.hpp */,
			);
			path = List;
			sourceTree = "<group>";
		};
/* End PBXGroup section */

/* Begin PBXNativeTarget section */
		F5CE769B1C1E2DFE005D8F7F /* List */ = {
			isa = PBXNativeTarget;
			buildConfigurationList = F5CE76A31C1E2DFE005D8F7F /* Build configuration list for PBXNativeTarget "List" */;
			buildPhases = (
				F5CE76981C1E2DFE005D8F7F /* Sources */,
				F5CE76991C1E2DFE005D8F7F /* Frameworks */,
				F5CE769A1C1E2DFE005D8F7F /* CopyFiles */,
			);
			buildRules = (
			);
			dependencies = (
			);
			name = List;
			productName = List;
			productReference = F5CE769C1C1E2DFE005D8F7F /* List */;
			productType = "com.apple.product-type.tool";
		};
/* End PBXNativeTarget section */

/* Begin PBXProject section */
		F5CE76941C1E2DFE005D8F7F /* Project object */ = {
			isa = PBXProject;
			attributes = {
				LastUpgradeCheck = 0710;
				ORGANIZATIONNAME = "Filip Juristovski";
				TargetAttributes = {
					F5CE769B1C1E2DFE005D8F7F = {
						CreatedOnToolsVersion = 7.1.1;
					};
				};
			};
			buildConfigurationList = F5CE76971C1E2DFE005D8F7F /* Build configuration list for PBXProject "List" */;
			compatibilityVersion = "Xcode 3.2";
			developmentRegion = English;
			hasScannedForEncodings = 0;
			knownRegions = (
				en,
			);
			mainGroup = F5CE76931C1E2DFE005D8F7F;
			productRefGroup = F5CE769D1C1E2DFE005D8F7F /* Products */;
			projectDirPath = "";
			projectRoot = "";
			targets = (
				F5CE769B1C1E2DFE005D8F7F /* List */,
			);
		};
/* End PBXProject section */

/* Begin PBXSourcesBuildPhase section */
		F5CE76981C1E2DFE005D8F7F /* Sources */ = {
			isa = PBXSourcesBuildPhase;
			buildActionMask = 2147483647;
			files = (
				F5FE8D211C1FC241005C2728 /* ListNumbers.cpp in Sources */,
				F5FE8D1B1C1F9855005C2728 /* List.cpp in Sources */,
				F5CE76AC1C1E739A005D8F7F /* ListSelectionSort.cpp in Sources */,
				F5CE76A01C1E2DFE005D8F7F /* main.cpp in Sources */,
			);
			runOnlyForDeploymentPostprocessing = 0;
		};
/* End PBXSourcesBuildPhase section */

/* Begin XCBuildConfiguration section */
		F5CE76A11C1E2DFE005D8F7F /* Debug */ = {
			isa = XCBuildConfiguration;
			buildSettings = {
				ALWAYS_SEARCH_USER_PATHS = NO;
				CLANG_CXX_LANGUAGE_STANDARD = "gnu++0x";
				CLANG_CXX_LIBRARY = "libc++";
				CLANG_ENABLE_MODULES = YES;
				CLANG_ENABLE_OBJC_ARC = YES;
				CLANG_WARN_BOOL_CONVERSION = YES;
				CLANG_WARN_CONSTANT_CONVERSION = YES;
				CLANG_WARN_DIRECT_OBJC_ISA_USAGE = YES_ERROR;
				CLANG_WARN_EMPTY_BODY = YES;
				CLANG_WARN_ENUM_CONVERSION = YES;
				CLANG_WARN_INT_CONVERSION = YES;
				CLANG_WARN_OBJC_ROOT_CLASS = YES_ERROR;
				CLANG_WARN_UNREACHABLE_CODE = YES;
				CLANG_WARN__DUPLICATE_METHOD_MATCH = YES;
				CODE_SIGN_IDENTITY = "-";
				COPY_PHASE_STRIP = NO;
				DEBUG_INFORMATION_FORMAT = dwarf;
				ENABLE_STRICT_OBJC_MSGSEND = YES;
				ENABLE_TESTABILITY = YES;
				GCC_C_LANGUAGE_STANDARD = gnu99;
				GCC_DYNAMIC_NO_PIC = NO;
				GCC_NO_COMMON_BLOCKS = YES;
				GCC_OPTIMIZATION_LEVEL = 0;
				GCC_PREPROCESSOR_DEFINITIONS = (
					"DEBUG=1",
					"$(inherited)",
				);
				GCC_WARN_64_TO_32_BIT_CONVERSION = YES;
				GCC_WARN_ABOUT_RETURN_TYPE = YES_ERROR;
				GCC_WARN_UNDECLARED_SELECTOR = YES;
				GCC_WARN_UNINITIALIZED_AUTOS = YES_AGGRESSIVE;
				GCC_WARN_UNUSED_FUNCTION = YES;
				GCC_WARN_UNUSED_VARIABLE = YES;
				MACOSX_DEPLOYMENT_TARGET = 10.10;
				MTL_ENABLE_DEBUG_INFO = YES;
				ONLY_ACTIVE_ARCH = YES;
				SDKROOT = macosx;
			};
			name = Debug;
		};
		F5CE76A21C1E2DFE005D8F7F /* Release */ = {
			isa = XCBuildConfiguration;
			buildSettings = {
				ALWAYS_SEARCH_USER_PATHS = NO;
				CLANG_CXX_LANGUAGE_STANDARD = "gnu++0x";
				CLANG_CXX_LIBRARY = "libc++";
				CLANG_ENABLE_MODULES = YES;
				CLANG_ENABLE_OBJC_ARC = YES;
				CLANG_WARN_BOOL_CONVERSION = YES;
				CLANG_WARN_CONSTANT_CONVERSION = YES;
				CLANG_WARN_DIRECT_OBJC_ISA_USAGE = YES_ERROR;
				CLANG_WARN_EMPTY_BODY = YES;
				CLANG_WARN_ENUM_CONVERSION = YES;
				CLANG_WARN_INT_CONVERSION = YES;
				CLANG_WARN_OBJC_ROOT_CLASS = YES_ERROR;
				CLANG_WARN_UNREACHABLE_CODE = YES;
				CLANG_WARN__DUPLICATE_METHOD_MATCH = YES;
				CODE_SIGN_IDENTITY = "-";
				COPY_PHASE_STRIP = NO;
				DEBUG_INFORMATION_FORMAT = "dwarf-with-dsym";
				ENABLE_NS_ASSERTIONS = NO;
				ENABLE_STRICT_OBJC_MSGSEND = YES;
				GCC_C_LANGUAGE_STANDARD = gnu99;
				GCC_NO_COMMON_BLOCKS = YES;
				GCC_WARN_64_TO_32_BIT_CONVERSION = YES;
				GCC_WARN_ABOUT_RETURN_TYPE = YES_ERROR;
				GCC_WARN_UNDECLARED_SELECTOR = YES;
				GCC_WARN_UNINITIALIZED_AUTOS = YES_AGGRESSIVE;
				GCC_WARN_UNUSED_FUNCTION = YES;
				GCC_WARN_UNUSED_VARIABLE = YES;
				MACOSX_DEPLOYMENT_TARGET = 10.10;
				MTL_ENABLE_DEBUG_INFO = NO;
				SDKROOT = macosx;
			};
			name = Release;
		};
		F5CE76A41C1E2DFE005D8F7F /* Debug */ = {
			isa = XCBuildConfiguration;
			buildSettings = {
				PRODUCT_NAME = "$(TARGET_NAME)";
			};
			name = Debug;
		};
		F5CE76A51C1E2DFE005D8F7F /* Release */ = {
			isa = XCBuildConfiguration;
			buildSettings = {
				PRODUCT_NAME = "$(TARGET_NAME)";
			};
			name = Release;
		};
/* End XCBuildConfiguration section */

/* Begin XCConfigurationList section */
		F5CE76971C1E2DFE005D8F7F /* Build configuration list for PBXProject "List" */ = {
			isa = XCConfigurationList;
			buildConfigurations = (
				F5CE76A11C1E2DFE005D8F7F /* Debug */,
				F5CE76A21C1E2DFE005D8F7F /* Release */,
			);
			defaultConfigurationIsVisible = 0;
			defaultConfigurationName = Release;
		};
		F5CE76A31C1E2DFE005D8F7F /* Build configuration list for PBXNativeTarget "List" */ = {
			isa = XCConfigurationList;
			buildConfigurations = (
				F5CE76A41C1E2DFE005D8F7F /* Debug */,
				F5CE76A51C1E2DFE005D8F7F /* Release */,
			);
			defaultConfigurationIsVisible = 0;
			defaultConfigurationName = Release;
		};
/* End XCConfigurationList section */
	};
	rootObject = F5CE76941C1E2DFE005D8F7F /* Project object */;
}
